// !$*UTF8*$!
{
	archiveVersion = 1;
	classes = {
	};
	objectVersion = 50;
	objects = {

/* Begin PBXBuildFile section */
		25E7B0E0650B35EF361B4F75 /* Pods_StickFigureMK.framework in Frameworks */ = {isa = PBXBuildFile; fileRef = 8118135C82502C712B71C0B1 /* Pods_StickFigureMK.framework */; };
		8210D96A2161E7B8006E488B /* 代码块@2x.png in Resources */ = {isa = PBXBuildFile; fileRef = 8210D95C2161E7B7006E488B /* 代码块@2x.png */; };
		8210D96B2161E7B8006E488B /* 代码块@3x.png in Resources */ = {isa = PBXBuildFile; fileRef = 8210D95D2161E7B7006E488B /* 代码块@3x.png */; };
		8210D96C2161E7B8006E488B /* 加号@2x.png in Resources */ = {isa = PBXBuildFile; fileRef = 8210D95E2161E7B7006E488B /* 加号@2x.png */; };
		8210D96D2161E7B8006E488B /* 加号@3x.png in Resources */ = {isa = PBXBuildFile; fileRef = 8210D95F2161E7B7006E488B /* 加号@3x.png */; };
		8210D96E2161E7B8006E488B /* 加粗@2x.png in Resources */ = {isa = PBXBuildFile; fileRef = 8210D9602161E7B7006E488B /* 加粗@2x.png */; };
		8210D96F2161E7B8006E488B /* 加粗@3x.png in Resources */ = {isa = PBXBuildFile; fileRef = 8210D9612161E7B7006E488B /* 加粗@3x.png */; };
		8210D9702161E7B8006E488B /* 无序列表@2x.png in Resources */ = {isa = PBXBuildFile; fileRef = 8210D9622161E7B7006E488B /* 无序列表@2x.png */; };
		8210D9712161E7B8006E488B /* 无序列表@3.png in Resources */ = {isa = PBXBuildFile; fileRef = 8210D9632161E7B7006E488B /* 无序列表@3.png */; };
		8210D9722161E7B8006E488B /* 标题1@2x.png in Resources */ = {isa = PBXBuildFile; fileRef = 8210D9642161E7B7006E488B /* 标题1@2x.png */; };
		8210D9732161E7B8006E488B /* 标题1@3x.png in Resources */ = {isa = PBXBuildFile; fileRef = 8210D9652161E7B7006E488B /* 标题1@3x.png */; };
		8210D9742161E7B8006E488B /* 标题2@2x.png in Resources */ = {isa = PBXBuildFile; fileRef = 8210D9662161E7B7006E488B /* 标题2@2x.png */; };
		8210D9752161E7B8006E488B /* 标题2@3x.png in Resources */ = {isa = PBXBuildFile; fileRef = 8210D9672161E7B7006E488B /* 标题2@3x.png */; };
		8210D9762161E7B8006E488B /* 链接@2x.png in Resources */ = {isa = PBXBuildFile; fileRef = 8210D9682161E7B7006E488B /* 链接@2x.png */; };
		8210D9772161E7B8006E488B /* 链接@3x.png in Resources */ = {isa = PBXBuildFile; fileRef = 8210D9692161E7B7006E488B /* 链接@3x.png */; };
		824A6FD62165B834007DFED2 /* JBProgressHUD.swift in Sources */ = {isa = PBXBuildFile; fileRef = 824A6FD52165B834007DFED2 /* JBProgressHUD.swift */; };
		824A6FD82165DDC3007DFED2 /* JBBassAPI.swift in Sources */ = {isa = PBXBuildFile; fileRef = 824A6FD72165DDC3007DFED2 /* JBBassAPI.swift */; };
		824A6FE6216610FF007DFED2 /* 删除-X@2x.png in Resources */ = {isa = PBXBuildFile; fileRef = 824A6FDA216610FF007DFED2 /* 删除-X@2x.png */; };
		824A6FE7216610FF007DFED2 /* 删除-X@3x.png in Resources */ = {isa = PBXBuildFile; fileRef = 824A6FDB216610FF007DFED2 /* 删除-X@3x.png */; };
		824A6FE8216610FF007DFED2 /* 删除（x)@3x.png in Resources */ = {isa = PBXBuildFile; fileRef = 824A6FDC216610FF007DFED2 /* 删除（x)@3x.png */; };
		824A6FE9216610FF007DFED2 /* 删除（x）@2x.png in Resources */ = {isa = PBXBuildFile; fileRef = 824A6FDD216610FF007DFED2 /* 删除（x）@2x.png */; };
		824A6FEA216610FF007DFED2 /* 头像@2x.png in Resources */ = {isa = PBXBuildFile; fileRef = 824A6FDE216610FF007DFED2 /* 头像@2x.png */; };
		824A6FEB216610FF007DFED2 /* 头像@3x.png in Resources */ = {isa = PBXBuildFile; fileRef = 824A6FDF216610FF007DFED2 /* 头像@3x.png */; };
		824A6FEC216610FF007DFED2 /* 密码锁@2x.png in Resources */ = {isa = PBXBuildFile; fileRef = 824A6FE0216610FF007DFED2 /* 密码锁@2x.png */; };
		824A6FED216610FF007DFED2 /* 密码锁@3x.png in Resources */ = {isa = PBXBuildFile; fileRef = 824A6FE1216610FF007DFED2 /* 密码锁@3x.png */; };
		824A6FEE216610FF007DFED2 /* 详情头像@2x.png in Resources */ = {isa = PBXBuildFile; fileRef = 824A6FE2216610FF007DFED2 /* 详情头像@2x.png */; };
		824A6FEF216610FF007DFED2 /* 详情头像@3x.png in Resources */ = {isa = PBXBuildFile; fileRef = 824A6FE3216610FF007DFED2 /* 详情头像@3x.png */; };
		824A6FF0216610FF007DFED2 /* 返回@2x.png in Resources */ = {isa = PBXBuildFile; fileRef = 824A6FE4216610FF007DFED2 /* 返回@2x.png */; };
		824A6FF1216610FF007DFED2 /* 返回@3x.png in Resources */ = {isa = PBXBuildFile; fileRef = 824A6FE5216610FF007DFED2 /* 返回@3x.png */; };
		825A6C44216499540058B7CF /* JBConstStringFile.swift in Sources */ = {isa = PBXBuildFile; fileRef = 825A6C43216499540058B7CF /* JBConstStringFile.swift */; };
		825A6C492164AFD00058B7CF /* JBhttpTool.swift in Sources */ = {isa = PBXBuildFile; fileRef = 825A6C482164AFD00058B7CF /* JBhttpTool.swift */; };
		825A6C4D2164C22D0058B7CF /* JBRegistViewController.swift in Sources */ = {isa = PBXBuildFile; fileRef = 825A6C4C2164C22D0058B7CF /* JBRegistViewController.swift */; };
		825A6C4F2164C2470058B7CF /* UserModel.swift in Sources */ = {isa = PBXBuildFile; fileRef = 825A6C4E2164C2470058B7CF /* UserModel.swift */; };
		825A6C512164C2AD0058B7CF /* UserManger.swift in Sources */ = {isa = PBXBuildFile; fileRef = 825A6C502164C2AD0058B7CF /* UserManger.swift */; };
		826BD120216ADDB200D4B7A3 /* JBLoginViewController.swift in Sources */ = {isa = PBXBuildFile; fileRef = 826BD11F216ADDB200D4B7A3 /* JBLoginViewController.swift */; };
		826BD125216ADE5D00D4B7A3 /* JBRGBColor.swift in Sources */ = {isa = PBXBuildFile; fileRef = 826BD124216ADE5D00D4B7A3 /* JBRGBColor.swift */; };
		826BD127216AEF8600D4B7A3 /* JBBassViewController.swift in Sources */ = {isa = PBXBuildFile; fileRef = 826BD126216AEF8600D4B7A3 /* JBBassViewController.swift */; };
		826BD129216AF99900D4B7A3 /* JBTool.swift in Sources */ = {isa = PBXBuildFile; fileRef = 826BD128216AF99900D4B7A3 /* JBTool.swift */; };
		82704DBA216C9B9E00201F71 /* MCGCDTimer.swift in Sources */ = {isa = PBXBuildFile; fileRef = 82704DB9216C9B9D00201F71 /* MCGCDTimer.swift */; };
		82704DBC216CAAC200201F71 /* JBMainViewController.swift in Sources */ = {isa = PBXBuildFile; fileRef = 82704DBB216CAAC200201F71 /* JBMainViewController.swift */; };
		829D88B0216B2A3D0048D5FB /* JBBassDictionary.swift in Sources */ = {isa = PBXBuildFile; fileRef = 829D88AF216B2A3D0048D5FB /* JBBassDictionary.swift */; };
		82A18D85215DEBB700F55D25 /* AppDelegate.swift in Sources */ = {isa = PBXBuildFile; fileRef = 82A18D84215DEBB700F55D25 /* AppDelegate.swift */; };
		82A18D87215DEBB700F55D25 /* ViewController.swift in Sources */ = {isa = PBXBuildFile; fileRef = 82A18D86215DEBB700F55D25 /* ViewController.swift */; };
		82A18D8A215DEBB700F55D25 /* Main.storyboard in Resources */ = {isa = PBXBuildFile; fileRef = 82A18D88215DEBB700F55D25 /* Main.storyboard */; };
		82A18D8C215DEBCD00F55D25 /* Assets.xcassets in Resources */ = {isa = PBXBuildFile; fileRef = 82A18D8B215DEBCD00F55D25 /* Assets.xcassets */; };
		82A18D8F215DEBCD00F55D25 /* LaunchScreen.storyboard in Resources */ = {isa = PBXBuildFile; fileRef = 82A18D8D215DEBCD00F55D25 /* LaunchScreen.storyboard */; };
		82A18D9A215DEBCE00F55D25 /* StickFigureMKTests.swift in Sources */ = {isa = PBXBuildFile; fileRef = 82A18D99215DEBCE00F55D25 /* StickFigureMKTests.swift */; };
		82A18DA5215DEBCE00F55D25 /* StickFigureMKUITests.swift in Sources */ = {isa = PBXBuildFile; fileRef = 82A18DA4215DEBCE00F55D25 /* StickFigureMKUITests.swift */; };
		82A18DB4215E081900F55D25 /* SFTextView.swift in Sources */ = {isa = PBXBuildFile; fileRef = 82A18DB3215E081900F55D25 /* SFTextView.swift */; };
		82A18E3B215E093100F55D25 /* Backslash escapes.html in Resources */ = {isa = PBXBuildFile; fileRef = 82A18E19215E093000F55D25 /* Backslash escapes.html */; };
		82A18E3C215E093100F55D25 /* Backslash escapes.text in Resources */ = {isa = PBXBuildFile; fileRef = 82A18E1A215E093000F55D25 /* Backslash escapes.text */; };
		82A18E3D215E093100F55D25 /* Code block in a list item.html in Resources */ = {isa = PBXBuildFile; fileRef = 82A18E1B215E093000F55D25 /* Code block in a list item.html */; };
		82A18E3E215E093100F55D25 /* Code block in a list item.text in Resources */ = {isa = PBXBuildFile; fileRef = 82A18E1C215E093000F55D25 /* Code block in a list item.text */; };
		82A18E3F215E093100F55D25 /* Code Spans.html in Resources */ = {isa = PBXBuildFile; fileRef = 82A18E1D215E093000F55D25 /* Code Spans.html */; };
		82A18E40215E093100F55D25 /* Code Spans.text in Resources */ = {isa = PBXBuildFile; fileRef = 82A18E1E215E093000F55D25 /* Code Spans.text */; };
		82A18E41215E093100F55D25 /* Email auto links.html in Resources */ = {isa = PBXBuildFile; fileRef = 82A18E1F215E093000F55D25 /* Email auto links.html */; };
		82A18E42215E093100F55D25 /* Email auto links.text in Resources */ = {isa = PBXBuildFile; fileRef = 82A18E20215E093000F55D25 /* Email auto links.text */; };
		82A18E43215E093100F55D25 /* Emphasis.html in Resources */ = {isa = PBXBuildFile; fileRef = 82A18E21215E093000F55D25 /* Emphasis.html */; };
		82A18E44215E093100F55D25 /* Emphasis.text in Resources */ = {isa = PBXBuildFile; fileRef = 82A18E22215E093000F55D25 /* Emphasis.text */; };
		82A18E45215E093100F55D25 /* Headers.html in Resources */ = {isa = PBXBuildFile; fileRef = 82A18E23215E093000F55D25 /* Headers.html */; };
		82A18E46215E093100F55D25 /* Headers.text in Resources */ = {isa = PBXBuildFile; fileRef = 82A18E24215E093000F55D25 /* Headers.text */; };
		82A18E47215E093100F55D25 /* Images (Untitled).html in Resources */ = {isa = PBXBuildFile; fileRef = 82A18E25215E093000F55D25 /* Images (Untitled).html */; };
		82A18E48215E093100F55D25 /* Images (Untitled).text in Resources */ = {isa = PBXBuildFile; fileRef = 82A18E26215E093000F55D25 /* Images (Untitled).text */; };
		82A18E49215E093100F55D25 /* Inline HTML (Simple).html in Resources */ = {isa = PBXBuildFile; fileRef = 82A18E27215E093000F55D25 /* Inline HTML (Simple).html */; };
		82A18E4A215E093100F55D25 /* Inline HTML (Simple).text in Resources */ = {isa = PBXBuildFile; fileRef = 82A18E28215E093000F55D25 /* Inline HTML (Simple).text */; };
		82A18E4B215E093100F55D25 /* Inline HTML (Span).html in Resources */ = {isa = PBXBuildFile; fileRef = 82A18E29215E093000F55D25 /* Inline HTML (Span).html */; };
		82A18E4C215E093100F55D25 /* Inline HTML (Span).text in Resources */ = {isa = PBXBuildFile; fileRef = 82A18E2A215E093000F55D25 /* Inline HTML (Span).text */; };
		82A18E4D215E093100F55D25 /* Inline HTML comments.html in Resources */ = {isa = PBXBuildFile; fileRef = 82A18E2B215E093000F55D25 /* Inline HTML comments.html */; };
		82A18E4E215E093100F55D25 /* Inline HTML comments.text in Resources */ = {isa = PBXBuildFile; fileRef = 82A18E2C215E093000F55D25 /* Inline HTML comments.text */; };
		82A18E4F215E093100F55D25 /* Ins & del.html in Resources */ = {isa = PBXBuildFile; fileRef = 82A18E2D215E093000F55D25 /* Ins & del.html */; };
		82A18E50215E093100F55D25 /* Ins & del.text in Resources */ = {isa = PBXBuildFile; fileRef = 82A18E2E215E093000F55D25 /* Ins & del.text */; };
		82A18E51215E093100F55D25 /* Links, inline style.html in Resources */ = {isa = PBXBuildFile; fileRef = 82A18E2F215E093000F55D25 /* Links, inline style.html */; };
		82A18E52215E093100F55D25 /* Links, inline style.text in Resources */ = {isa = PBXBuildFile; fileRef = 82A18E30215E093000F55D25 /* Links, inline style.text */; };
		82A18E53215E093100F55D25 /* MD5 Hashes.html in Resources */ = {isa = PBXBuildFile; fileRef = 82A18E31215E093000F55D25 /* MD5 Hashes.html */; };
		82A18E54215E093100F55D25 /* MD5 Hashes.text in Resources */ = {isa = PBXBuildFile; fileRef = 82A18E32215E093000F55D25 /* MD5 Hashes.text */; };
		82A18E55215E093100F55D25 /* Nesting.html in Resources */ = {isa = PBXBuildFile; fileRef = 82A18E33215E093000F55D25 /* Nesting.html */; };
		82A18E56215E093100F55D25 /* Nesting.text in Resources */ = {isa = PBXBuildFile; fileRef = 82A18E34215E093000F55D25 /* Nesting.text */; };
		82A18E57215E093100F55D25 /* Parens in URL.html in Resources */ = {isa = PBXBuildFile; fileRef = 82A18E35215E093000F55D25 /* Parens in URL.html */; };
		82A18E58215E093100F55D25 /* Parens in URL.text in Resources */ = {isa = PBXBuildFile; fileRef = 82A18E36215E093000F55D25 /* Parens in URL.text */; };
		82A18E59215E093100F55D25 /* PHP-Specific Bugs.html in Resources */ = {isa = PBXBuildFile; fileRef = 82A18E37215E093000F55D25 /* PHP-Specific Bugs.html */; };
		82A18E5A215E093100F55D25 /* PHP-Specific Bugs.text in Resources */ = {isa = PBXBuildFile; fileRef = 82A18E38215E093000F55D25 /* PHP-Specific Bugs.text */; };
		82A18E5B215E093100F55D25 /* Tight blocks.html in Resources */ = {isa = PBXBuildFile; fileRef = 82A18E39215E093000F55D25 /* Tight blocks.html */; };
		82A18E5C215E093100F55D25 /* Tight blocks.text in Resources */ = {isa = PBXBuildFile; fileRef = 82A18E3A215E093000F55D25 /* Tight blocks.text */; };
		82A18E71215E094900F55D25 /* Info.plist in Resources */ = {isa = PBXBuildFile; fileRef = 82A18E5E215E094900F55D25 /* Info.plist */; };
		82A18E72215E094900F55D25 /* MMDocument.m in Sources */ = {isa = PBXBuildFile; fileRef = 82A18E60215E094900F55D25 /* MMDocument.m */; };
		82A18E73215E094900F55D25 /* MMElement.m in Sources */ = {isa = PBXBuildFile; fileRef = 82A18E63215E094900F55D25 /* MMElement.m */; };
		82A18E74215E094900F55D25 /* MMGenerator.m in Sources */ = {isa = PBXBuildFile; fileRef = 82A18E65215E094900F55D25 /* MMGenerator.m */; };
		82A18E75215E094900F55D25 /* MMHTMLParser.m in Sources */ = {isa = PBXBuildFile; fileRef = 82A18E67215E094900F55D25 /* MMHTMLParser.m */; };
		82A18E76215E094900F55D25 /* MMMarkdown.m in Sources */ = {isa = PBXBuildFile; fileRef = 82A18E6A215E094900F55D25 /* MMMarkdown.m */; };
		82A18E77215E094900F55D25 /* MMParser.m in Sources */ = {isa = PBXBuildFile; fileRef = 82A18E6C215E094900F55D25 /* MMParser.m */; };
		82A18E78215E094900F55D25 /* MMScanner.m in Sources */ = {isa = PBXBuildFile; fileRef = 82A18E6E215E094900F55D25 /* MMScanner.m */; };
		82A18E79215E094900F55D25 /* MMSpanParser.m in Sources */ = {isa = PBXBuildFile; fileRef = 82A18E70215E094900F55D25 /* MMSpanParser.m */; };
		82A18E7B215E09B200F55D25 /* JavaScriptCore.framework in Frameworks */ = {isa = PBXBuildFile; fileRef = 82A18E7A215E09B200F55D25 /* JavaScriptCore.framework */; };
		82A18E7D215E0D3200F55D25 /* SFTool.swift in Sources */ = {isa = PBXBuildFile; fileRef = 82A18E7C215E0D3200F55D25 /* SFTool.swift */; };
		82A18E7F215E173600F55D25 /* SFTextInputView.swift in Sources */ = {isa = PBXBuildFile; fileRef = 82A18E7E215E173600F55D25 /* SFTextInputView.swift */; };
/* End PBXBuildFile section */

/* Begin PBXContainerItemProxy section */
		82A18D96215DEBCE00F55D25 /* PBXContainerItemProxy */ = {
			isa = PBXContainerItemProxy;
			containerPortal = 82A18D79215DEBB600F55D25 /* Project object */;
			proxyType = 1;
			remoteGlobalIDString = 82A18D80215DEBB700F55D25;
			remoteInfo = StickFigureMK;
		};
		82A18DA1215DEBCE00F55D25 /* PBXContainerItemProxy */ = {
			isa = PBXContainerItemProxy;
			containerPortal = 82A18D79215DEBB600F55D25 /* Project object */;
			proxyType = 1;
			remoteGlobalIDString = 82A18D80215DEBB700F55D25;
			remoteInfo = StickFigureMK;
		};
/* End PBXContainerItemProxy section */

/* Begin PBXFileReference section */
		0BE70BDFBF5DC0702055A472 /* Pods-StickFigureMK.release.xcconfig */ = {isa = PBXFileReference; includeInIndex = 1; lastKnownFileType = text.xcconfig; name = "Pods-StickFigureMK.release.xcconfig"; path = "Pods/Target Support Files/Pods-StickFigureMK/Pods-StickFigureMK.release.xcconfig"; sourceTree = "<group>"; };
		8118135C82502C712B71C0B1 /* Pods_StickFigureMK.framework */ = {isa = PBXFileReference; explicitFileType = wrapper.framework; includeInIndex = 0; path = Pods_StickFigureMK.framework; sourceTree = BUILT_PRODUCTS_DIR; };
		8210D95C2161E7B7006E488B /* 代码块@2x.png */ = {isa = PBXFileReference; lastKnownFileType = image.png; path = "代码块@2x.png"; sourceTree = "<group>"; };
		8210D95D2161E7B7006E488B /* 代码块@3x.png */ = {isa = PBXFileReference; lastKnownFileType = image.png; path = "代码块@3x.png"; sourceTree = "<group>"; };
		8210D95E2161E7B7006E488B /* 加号@2x.png */ = {isa = PBXFileReference; lastKnownFileType = image.png; path = "加号@2x.png"; sourceTree = "<group>"; };
		8210D95F2161E7B7006E488B /* 加号@3x.png */ = {isa = PBXFileReference; lastKnownFileType = image.png; path = "加号@3x.png"; sourceTree = "<group>"; };
		8210D9602161E7B7006E488B /* 加粗@2x.png */ = {isa = PBXFileReference; lastKnownFileType = image.png; path = "加粗@2x.png"; sourceTree = "<group>"; };
		8210D9612161E7B7006E488B /* 加粗@3x.png */ = {isa = PBXFileReference; lastKnownFileType = image.png; path = "加粗@3x.png"; sourceTree = "<group>"; };
		8210D9622161E7B7006E488B /* 无序列表@2x.png */ = {isa = PBXFileReference; lastKnownFileType = image.png; path = "无序列表@2x.png"; sourceTree = "<group>"; };
		8210D9632161E7B7006E488B /* 无序列表@3.png */ = {isa = PBXFileReference; lastKnownFileType = image.png; path = "无序列表@3.png"; sourceTree = "<group>"; };
		8210D9642161E7B7006E488B /* 标题1@2x.png */ = {isa = PBXFileReference; lastKnownFileType = image.png; path = "标题1@2x.png"; sourceTree = "<group>"; };
		8210D9652161E7B7006E488B /* 标题1@3x.png */ = {isa = PBXFileReference; lastKnownFileType = image.png; path = "标题1@3x.png"; sourceTree = "<group>"; };
		8210D9662161E7B7006E488B /* 标题2@2x.png */ = {isa = PBXFileReference; lastKnownFileType = image.png; path = "标题2@2x.png"; sourceTree = "<group>"; };
		8210D9672161E7B7006E488B /* 标题2@3x.png */ = {isa = PBXFileReference; lastKnownFileType = image.png; path = "标题2@3x.png"; sourceTree = "<group>"; };
		8210D9682161E7B7006E488B /* 链接@2x.png */ = {isa = PBXFileReference; lastKnownFileType = image.png; path = "链接@2x.png"; sourceTree = "<group>"; };
		8210D9692161E7B7006E488B /* 链接@3x.png */ = {isa = PBXFileReference; lastKnownFileType = image.png; path = "链接@3x.png"; sourceTree = "<group>"; };
		824A6FD52165B834007DFED2 /* JBProgressHUD.swift */ = {isa = PBXFileReference; lastKnownFileType = sourcecode.swift; path = JBProgressHUD.swift; sourceTree = "<group>"; };
		824A6FD72165DDC3007DFED2 /* JBBassAPI.swift */ = {isa = PBXFileReference; lastKnownFileType = sourcecode.swift; path = JBBassAPI.swift; sourceTree = "<group>"; };
		824A6FDA216610FF007DFED2 /* 删除-X@2x.png */ = {isa = PBXFileReference; lastKnownFileType = image.png; path = "删除-X@2x.png"; sourceTree = "<group>"; };
		824A6FDB216610FF007DFED2 /* 删除-X@3x.png */ = {isa = PBXFileReference; lastKnownFileType = image.png; path = "删除-X@3x.png"; sourceTree = "<group>"; };
		824A6FDC216610FF007DFED2 /* 删除（x)@3x.png */ = {isa = PBXFileReference; lastKnownFileType = image.png; path = "删除（x)@3x.png"; sourceTree = "<group>"; };
		824A6FDD216610FF007DFED2 /* 删除（x）@2x.png */ = {isa = PBXFileReference; lastKnownFileType = image.png; path = "删除（x）@2x.png"; sourceTree = "<group>"; };
		824A6FDE216610FF007DFED2 /* 头像@2x.png */ = {isa = PBXFileReference; lastKnownFileType = image.png; path = "头像@2x.png"; sourceTree = "<group>"; };
		824A6FDF216610FF007DFED2 /* 头像@3x.png */ = {isa = PBXFileReference; lastKnownFileType = image.png; path = "头像@3x.png"; sourceTree = "<group>"; };
		824A6FE0216610FF007DFED2 /* 密码锁@2x.png */ = {isa = PBXFileReference; lastKnownFileType = image.png; path = "密码锁@2x.png"; sourceTree = "<group>"; };
		824A6FE1216610FF007DFED2 /* 密码锁@3x.png */ = {isa = PBXFileReference; lastKnownFileType = image.png; path = "密码锁@3x.png"; sourceTree = "<group>"; };
		824A6FE2216610FF007DFED2 /* 详情头像@2x.png */ = {isa = PBXFileReference; lastKnownFileType = image.png; path = "详情头像@2x.png"; sourceTree = "<group>"; };
		824A6FE3216610FF007DFED2 /* 详情头像@3x.png */ = {isa = PBXFileReference; lastKnownFileType = image.png; path = "详情头像@3x.png"; sourceTree = "<group>"; };
		824A6FE4216610FF007DFED2 /* 返回@2x.png */ = {isa = PBXFileReference; lastKnownFileType = image.png; path = "返回@2x.png"; sourceTree = "<group>"; };
		824A6FE5216610FF007DFED2 /* 返回@3x.png */ = {isa = PBXFileReference; lastKnownFileType = image.png; path = "返回@3x.png"; sourceTree = "<group>"; };
		825A6C43216499540058B7CF /* JBConstStringFile.swift */ = {isa = PBXFileReference; lastKnownFileType = sourcecode.swift; path = JBConstStringFile.swift; sourceTree = "<group>"; };
		825A6C482164AFD00058B7CF /* JBhttpTool.swift */ = {isa = PBXFileReference; lastKnownFileType = sourcecode.swift; path = JBhttpTool.swift; sourceTree = "<group>"; };
		825A6C4C2164C22D0058B7CF /* JBRegistViewController.swift */ = {isa = PBXFileReference; lastKnownFileType = sourcecode.swift; path = JBRegistViewController.swift; sourceTree = "<group>"; };
		825A6C4E2164C2470058B7CF /* UserModel.swift */ = {isa = PBXFileReference; lastKnownFileType = sourcecode.swift; path = UserModel.swift; sourceTree = "<group>"; };
		825A6C502164C2AD0058B7CF /* UserManger.swift */ = {isa = PBXFileReference; lastKnownFileType = sourcecode.swift; path = UserManger.swift; sourceTree = "<group>"; };
		826BD11F216ADDB200D4B7A3 /* JBLoginViewController.swift */ = {isa = PBXFileReference; fileEncoding = 4; lastKnownFileType = sourcecode.swift; path = JBLoginViewController.swift; sourceTree = "<group>"; };
		826BD124216ADE5D00D4B7A3 /* JBRGBColor.swift */ = {isa = PBXFileReference; fileEncoding = 4; lastKnownFileType = sourcecode.swift; path = JBRGBColor.swift; sourceTree = "<group>"; };
		826BD126216AEF8600D4B7A3 /* JBBassViewController.swift */ = {isa = PBXFileReference; lastKnownFileType = sourcecode.swift; path = JBBassViewController.swift; sourceTree = "<group>"; };
		826BD128216AF99900D4B7A3 /* JBTool.swift */ = {isa = PBXFileReference; lastKnownFileType = sourcecode.swift; path = JBTool.swift; sourceTree = "<group>"; };
		82704DB9216C9B9D00201F71 /* MCGCDTimer.swift */ = {isa = PBXFileReference; fileEncoding = 4; lastKnownFileType = sourcecode.swift; path = MCGCDTimer.swift; sourceTree = "<group>"; };
		82704DBB216CAAC200201F71 /* JBMainViewController.swift */ = {isa = PBXFileReference; lastKnownFileType = sourcecode.swift; path = JBMainViewController.swift; sourceTree = "<group>"; };
		829D88AF216B2A3D0048D5FB /* JBBassDictionary.swift */ = {isa = PBXFileReference; lastKnownFileType = sourcecode.swift; path = JBBassDictionary.swift; sourceTree = "<group>"; };
		82A18D81215DEBB700F55D25 /* StickFigureMK.app */ = {isa = PBXFileReference; explicitFileType = wrapper.application; includeInIndex = 0; path = StickFigureMK.app; sourceTree = BUILT_PRODUCTS_DIR; };
		82A18D84215DEBB700F55D25 /* AppDelegate.swift */ = {isa = PBXFileReference; lastKnownFileType = sourcecode.swift; path = AppDelegate.swift; sourceTree = "<group>"; };
		82A18D86215DEBB700F55D25 /* ViewController.swift */ = {isa = PBXFileReference; lastKnownFileType = sourcecode.swift; path = ViewController.swift; sourceTree = "<group>"; };
		82A18D89215DEBB700F55D25 /* Base */ = {isa = PBXFileReference; lastKnownFileType = file.storyboard; name = Base; path = Base.lproj/Main.storyboard; sourceTree = "<group>"; };
		82A18D8B215DEBCD00F55D25 /* Assets.xcassets */ = {isa = PBXFileReference; lastKnownFileType = folder.assetcatalog; path = Assets.xcassets; sourceTree = "<group>"; };
		82A18D8E215DEBCD00F55D25 /* Base */ = {isa = PBXFileReference; lastKnownFileType = file.storyboard; name = Base; path = Base.lproj/LaunchScreen.storyboard; sourceTree = "<group>"; };
		82A18D90215DEBCD00F55D25 /* Info.plist */ = {isa = PBXFileReference; lastKnownFileType = text.plist.xml; path = Info.plist; sourceTree = "<group>"; };
		82A18D95215DEBCE00F55D25 /* StickFigureMKTests.xctest */ = {isa = PBXFileReference; explicitFileType = wrapper.cfbundle; includeInIndex = 0; path = StickFigureMKTests.xctest; sourceTree = BUILT_PRODUCTS_DIR; };
		82A18D99215DEBCE00F55D25 /* StickFigureMKTests.swift */ = {isa = PBXFileReference; lastKnownFileType = sourcecode.swift; path = StickFigureMKTests.swift; sourceTree = "<group>"; };
		82A18D9B215DEBCE00F55D25 /* Info.plist */ = {isa = PBXFileReference; lastKnownFileType = text.plist.xml; path = Info.plist; sourceTree = "<group>"; };
		82A18DA0215DEBCE00F55D25 /* StickFigureMKUITests.xctest */ = {isa = PBXFileReference; explicitFileType = wrapper.cfbundle; includeInIndex = 0; path = StickFigureMKUITests.xctest; sourceTree = BUILT_PRODUCTS_DIR; };
		82A18DA4215DEBCE00F55D25 /* StickFigureMKUITests.swift */ = {isa = PBXFileReference; lastKnownFileType = sourcecode.swift; path = StickFigureMKUITests.swift; sourceTree = "<group>"; };
		82A18DA6215DEBCE00F55D25 /* Info.plist */ = {isa = PBXFileReference; lastKnownFileType = text.plist.xml; path = Info.plist; sourceTree = "<group>"; };
		82A18DB2215E075B00F55D25 /* BridingHeader.h */ = {isa = PBXFileReference; lastKnownFileType = sourcecode.c.h; path = BridingHeader.h; sourceTree = "<group>"; };
		82A18DB3215E081900F55D25 /* SFTextView.swift */ = {isa = PBXFileReference; lastKnownFileType = sourcecode.swift; path = SFTextView.swift; sourceTree = "<group>"; };
		82A18E19215E093000F55D25 /* Backslash escapes.html */ = {isa = PBXFileReference; fileEncoding = 4; lastKnownFileType = text.html; path = "Backslash escapes.html"; sourceTree = "<group>"; };
		82A18E1A215E093000F55D25 /* Backslash escapes.text */ = {isa = PBXFileReference; fileEncoding = 4; lastKnownFileType = net.daringfireball.markdown; path = "Backslash escapes.text"; sourceTree = "<group>"; };
		82A18E1B215E093000F55D25 /* Code block in a list item.html */ = {isa = PBXFileReference; fileEncoding = 4; lastKnownFileType = text.html; path = "Code block in a list item.html"; sourceTree = "<group>"; };
		82A18E1C215E093000F55D25 /* Code block in a list item.text */ = {isa = PBXFileReference; fileEncoding = 4; lastKnownFileType = net.daringfireball.markdown; path = "Code block in a list item.text"; sourceTree = "<group>"; };
		82A18E1D215E093000F55D25 /* Code Spans.html */ = {isa = PBXFileReference; fileEncoding = 4; lastKnownFileType = text.html; path = "Code Spans.html"; sourceTree = "<group>"; };
		82A18E1E215E093000F55D25 /* Code Spans.text */ = {isa = PBXFileReference; fileEncoding = 4; lastKnownFileType = net.daringfireball.markdown; path = "Code Spans.text"; sourceTree = "<group>"; };
		82A18E1F215E093000F55D25 /* Email auto links.html */ = {isa = PBXFileReference; fileEncoding = 4; lastKnownFileType = text.html; path = "Email auto links.html"; sourceTree = "<group>"; };
		82A18E20215E093000F55D25 /* Email auto links.text */ = {isa = PBXFileReference; fileEncoding = 4; lastKnownFileType = net.daringfireball.markdown; path = "Email auto links.text"; sourceTree = "<group>"; };
		82A18E21215E093000F55D25 /* Emphasis.html */ = {isa = PBXFileReference; fileEncoding = 4; lastKnownFileType = text.html; path = Emphasis.html; sourceTree = "<group>"; };
		82A18E22215E093000F55D25 /* Emphasis.text */ = {isa = PBXFileReference; fileEncoding = 4; lastKnownFileType = net.daringfireball.markdown; path = Emphasis.text; sourceTree = "<group>"; };
		82A18E23215E093000F55D25 /* Headers.html */ = {isa = PBXFileReference; fileEncoding = 4; lastKnownFileType = text.html; path = Headers.html; sourceTree = "<group>"; };
		82A18E24215E093000F55D25 /* Headers.text */ = {isa = PBXFileReference; fileEncoding = 4; lastKnownFileType = net.daringfireball.markdown; path = Headers.text; sourceTree = "<group>"; };
		82A18E25215E093000F55D25 /* Images (Untitled).html */ = {isa = PBXFileReference; fileEncoding = 4; lastKnownFileType = text.html; path = "Images (Untitled).html"; sourceTree = "<group>"; };
		82A18E26215E093000F55D25 /* Images (Untitled).text */ = {isa = PBXFileReference; fileEncoding = 4; lastKnownFileType = net.daringfireball.markdown; path = "Images (Untitled).text"; sourceTree = "<group>"; };
		82A18E27215E093000F55D25 /* Inline HTML (Simple).html */ = {isa = PBXFileReference; fileEncoding = 4; lastKnownFileType = text.html; path = "Inline HTML (Simple).html"; sourceTree = "<group>"; };
		82A18E28215E093000F55D25 /* Inline HTML (Simple).text */ = {isa = PBXFileReference; fileEncoding = 4; lastKnownFileType = net.daringfireball.markdown; path = "Inline HTML (Simple).text"; sourceTree = "<group>"; };
		82A18E29215E093000F55D25 /* Inline HTML (Span).html */ = {isa = PBXFileReference; fileEncoding = 4; lastKnownFileType = text.html; path = "Inline HTML (Span).html"; sourceTree = "<group>"; };
		82A18E2A215E093000F55D25 /* Inline HTML (Span).text */ = {isa = PBXFileReference; fileEncoding = 4; lastKnownFileType = net.daringfireball.markdown; path = "Inline HTML (Span).text"; sourceTree = "<group>"; };
		82A18E2B215E093000F55D25 /* Inline HTML comments.html */ = {isa = PBXFileReference; fileEncoding = 4; lastKnownFileType = text.html; path = "Inline HTML comments.html"; sourceTree = "<group>"; };
		82A18E2C215E093000F55D25 /* Inline HTML comments.text */ = {isa = PBXFileReference; fileEncoding = 4; lastKnownFileType = net.daringfireball.markdown; path = "Inline HTML comments.text"; sourceTree = "<group>"; };
		82A18E2D215E093000F55D25 /* Ins & del.html */ = {isa = PBXFileReference; fileEncoding = 4; lastKnownFileType = text.html; path = "Ins & del.html"; sourceTree = "<group>"; };
		82A18E2E215E093000F55D25 /* Ins & del.text */ = {isa = PBXFileReference; fileEncoding = 4; lastKnownFileType = net.daringfireball.markdown; path = "Ins & del.text"; sourceTree = "<group>"; };
		82A18E2F215E093000F55D25 /* Links, inline style.html */ = {isa = PBXFileReference; fileEncoding = 4; lastKnownFileType = text.html; path = "Links, inline style.html"; sourceTree = "<group>"; };
		82A18E30215E093000F55D25 /* Links, inline style.text */ = {isa = PBXFileReference; fileEncoding = 4; lastKnownFileType = net.daringfireball.markdown; path = "Links, inline style.text"; sourceTree = "<group>"; };
		82A18E31215E093000F55D25 /* MD5 Hashes.html */ = {isa = PBXFileReference; fileEncoding = 4; lastKnownFileType = text.html; path = "MD5 Hashes.html"; sourceTree = "<group>"; };
		82A18E32215E093000F55D25 /* MD5 Hashes.text */ = {isa = PBXFileReference; fileEncoding = 4; lastKnownFileType = net.daringfireball.markdown; path = "MD5 Hashes.text"; sourceTree = "<group>"; };
		82A18E33215E093000F55D25 /* Nesting.html */ = {isa = PBXFileReference; fileEncoding = 4; lastKnownFileType = text.html; path = Nesting.html; sourceTree = "<group>"; };
		82A18E34215E093000F55D25 /* Nesting.text */ = {isa = PBXFileReference; fileEncoding = 4; lastKnownFileType = net.daringfireball.markdown; path = Nesting.text; sourceTree = "<group>"; };
		82A18E35215E093000F55D25 /* Parens in URL.html */ = {isa = PBXFileReference; fileEncoding = 4; lastKnownFileType = text.html; path = "Parens in URL.html"; sourceTree = "<group>"; };
		82A18E36215E093000F55D25 /* Parens in URL.text */ = {isa = PBXFileReference; fileEncoding = 4; lastKnownFileType = net.daringfireball.markdown; path = "Parens in URL.text"; sourceTree = "<group>"; };
		82A18E37215E093000F55D25 /* PHP-Specific Bugs.html */ = {isa = PBXFileReference; fileEncoding = 4; lastKnownFileType = text.html; path = "PHP-Specific Bugs.html"; sourceTree = "<group>"; };
		82A18E38215E093000F55D25 /* PHP-Specific Bugs.text */ = {isa = PBXFileReference; fileEncoding = 4; lastKnownFileType = net.daringfireball.markdown; path = "PHP-Specific Bugs.text"; sourceTree = "<group>"; };
		82A18E39215E093000F55D25 /* Tight blocks.html */ = {isa = PBXFileReference; fileEncoding = 4; lastKnownFileType = text.html; path = "Tight blocks.html"; sourceTree = "<group>"; };
		82A18E3A215E093000F55D25 /* Tight blocks.text */ = {isa = PBXFileReference; fileEncoding = 4; lastKnownFileType = net.daringfireball.markdown; path = "Tight blocks.text"; sourceTree = "<group>"; };
		82A18E5E215E094900F55D25 /* Info.plist */ = {isa = PBXFileReference; fileEncoding = 4; lastKnownFileType = text.plist.xml; path = Info.plist; sourceTree = "<group>"; };
		82A18E5F215E094900F55D25 /* MMDocument.h */ = {isa = PBXFileReference; fileEncoding = 4; lastKnownFileType = sourcecode.c.h; path = MMDocument.h; sourceTree = "<group>"; };
		82A18E60215E094900F55D25 /* MMDocument.m */ = {isa = PBXFileReference; fileEncoding = 4; lastKnownFileType = sourcecode.c.objc; path = MMDocument.m; sourceTree = "<group>"; };
		82A18E61215E094900F55D25 /* MMDocument_Private.h */ = {isa = PBXFileReference; fileEncoding = 4; lastKnownFileType = sourcecode.c.h; path = MMDocument_Private.h; sourceTree = "<group>"; };
		82A18E62215E094900F55D25 /* MMElement.h */ = {isa = PBXFileReference; fileEncoding = 4; lastKnownFileType = sourcecode.c.h; path = MMElement.h; sourceTree = "<group>"; };
		82A18E63215E094900F55D25 /* MMElement.m */ = {isa = PBXFileReference; fileEncoding = 4; lastKnownFileType = sourcecode.c.objc; path = MMElement.m; sourceTree = "<group>"; };
		82A18E64215E094900F55D25 /* MMGenerator.h */ = {isa = PBXFileReference; fileEncoding = 4; lastKnownFileType = sourcecode.c.h; path = MMGenerator.h; sourceTree = "<group>"; };
		82A18E65215E094900F55D25 /* MMGenerator.m */ = {isa = PBXFileReference; fileEncoding = 4; lastKnownFileType = sourcecode.c.objc; path = MMGenerator.m; sourceTree = "<group>"; };
		82A18E66215E094900F55D25 /* MMHTMLParser.h */ = {isa = PBXFileReference; fileEncoding = 4; lastKnownFileType = sourcecode.c.h; path = MMHTMLParser.h; sourceTree = "<group>"; };
		82A18E67215E094900F55D25 /* MMHTMLParser.m */ = {isa = PBXFileReference; fileEncoding = 4; lastKnownFileType = sourcecode.c.objc; path = MMHTMLParser.m; sourceTree = "<group>"; };
		82A18E68215E094900F55D25 /* MMMarkdown-Prefix.pch */ = {isa = PBXFileReference; fileEncoding = 4; lastKnownFileType = sourcecode.c.h; path = "MMMarkdown-Prefix.pch"; sourceTree = "<group>"; };
		82A18E69215E094900F55D25 /* MMMarkdown.h */ = {isa = PBXFileReference; fileEncoding = 4; lastKnownFileType = sourcecode.c.h; path = MMMarkdown.h; sourceTree = "<group>"; };
		82A18E6A215E094900F55D25 /* MMMarkdown.m */ = {isa = PBXFileReference; fileEncoding = 4; lastKnownFileType = sourcecode.c.objc; path = MMMarkdown.m; sourceTree = "<group>"; };
		82A18E6B215E094900F55D25 /* MMParser.h */ = {isa = PBXFileReference; fileEncoding = 4; lastKnownFileType = sourcecode.c.h; path = MMParser.h; sourceTree = "<group>"; };
		82A18E6C215E094900F55D25 /* MMParser.m */ = {isa = PBXFileReference; fileEncoding = 4; lastKnownFileType = sourcecode.c.objc; path = MMParser.m; sourceTree = "<group>"; };
		82A18E6D215E094900F55D25 /* MMScanner.h */ = {isa = PBXFileReference; fileEncoding = 4; lastKnownFileType = sourcecode.c.h; path = MMScanner.h; sourceTree = "<group>"; };
		82A18E6E215E094900F55D25 /* MMScanner.m */ = {isa = PBXFileReference; fileEncoding = 4; lastKnownFileType = sourcecode.c.objc; path = MMScanner.m; sourceTree = "<group>"; };
		82A18E6F215E094900F55D25 /* MMSpanParser.h */ = {isa = PBXFileReference; fileEncoding = 4; lastKnownFileType = sourcecode.c.h; path = MMSpanParser.h; sourceTree = "<group>"; };
		82A18E70215E094900F55D25 /* MMSpanParser.m */ = {isa = PBXFileReference; fileEncoding = 4; lastKnownFileType = sourcecode.c.objc; path = MMSpanParser.m; sourceTree = "<group>"; };
		82A18E7A215E09B200F55D25 /* JavaScriptCore.framework */ = {isa = PBXFileReference; lastKnownFileType = wrapper.framework; name = JavaScriptCore.framework; path = System/Library/Frameworks/JavaScriptCore.framework; sourceTree = SDKROOT; };
		82A18E7C215E0D3200F55D25 /* SFTool.swift */ = {isa = PBXFileReference; lastKnownFileType = sourcecode.swift; path = SFTool.swift; sourceTree = "<group>"; };
		82A18E7E215E173600F55D25 /* SFTextInputView.swift */ = {isa = PBXFileReference; lastKnownFileType = sourcecode.swift; path = SFTextInputView.swift; sourceTree = "<group>"; };
		B7678D1B596D3F068976FEDB /* Pods-StickFigureMK.debug.xcconfig */ = {isa = PBXFileReference; includeInIndex = 1; lastKnownFileType = text.xcconfig; name = "Pods-StickFigureMK.debug.xcconfig"; path = "Pods/Target Support Files/Pods-StickFigureMK/Pods-StickFigureMK.debug.xcconfig"; sourceTree = "<group>"; };
/* End PBXFileReference section */

/* Begin PBXFrameworksBuildPhase section */
		82A18D7E215DEBB700F55D25 /* Frameworks */ = {
			isa = PBXFrameworksBuildPhase;
			buildActionMask = 2147483647;
			files = (
				82A18E7B215E09B200F55D25 /* JavaScriptCore.framework in Frameworks */,
				25E7B0E0650B35EF361B4F75 /* Pods_StickFigureMK.framework in Frameworks */,
			);
			runOnlyForDeploymentPostprocessing = 0;
		};
		82A18D92215DEBCE00F55D25 /* Frameworks */ = {
			isa = PBXFrameworksBuildPhase;
			buildActionMask = 2147483647;
			files = (
			);
			runOnlyForDeploymentPostprocessing = 0;
		};
		82A18D9D215DEBCE00F55D25 /* Frameworks */ = {
			isa = PBXFrameworksBuildPhase;
			buildActionMask = 2147483647;
			files = (
			);
			runOnlyForDeploymentPostprocessing = 0;
		};
/* End PBXFrameworksBuildPhase section */

/* Begin PBXGroup section */
		8210D95B2161E7B7006E488B /* 键盘图片 */ = {
			isa = PBXGroup;
			children = (
				8210D95C2161E7B7006E488B /* 代码块@2x.png */,
				8210D95D2161E7B7006E488B /* 代码块@3x.png */,
				8210D95E2161E7B7006E488B /* 加号@2x.png */,
				8210D95F2161E7B7006E488B /* 加号@3x.png */,
				8210D9602161E7B7006E488B /* 加粗@2x.png */,
				8210D9612161E7B7006E488B /* 加粗@3x.png */,
				8210D9622161E7B7006E488B /* 无序列表@2x.png */,
				8210D9632161E7B7006E488B /* 无序列表@3.png */,
				8210D9642161E7B7006E488B /* 标题1@2x.png */,
				8210D9652161E7B7006E488B /* 标题1@3x.png */,
				8210D9662161E7B7006E488B /* 标题2@2x.png */,
				8210D9672161E7B7006E488B /* 标题2@3x.png */,
				8210D9682161E7B7006E488B /* 链接@2x.png */,
				8210D9692161E7B7006E488B /* 链接@3x.png */,
			);
			path = "键盘图片";
			sourceTree = "<group>";
		};
		824A6FD9216610FF007DFED2 /* 图片资源 */ = {
			isa = PBXGroup;
			children = (
				824A6FDA216610FF007DFED2 /* 删除-X@2x.png */,
				824A6FDB216610FF007DFED2 /* 删除-X@3x.png */,
				824A6FDC216610FF007DFED2 /* 删除（x)@3x.png */,
				824A6FDD216610FF007DFED2 /* 删除（x）@2x.png */,
				824A6FDE216610FF007DFED2 /* 头像@2x.png */,
				824A6FDF216610FF007DFED2 /* 头像@3x.png */,
				824A6FE0216610FF007DFED2 /* 密码锁@2x.png */,
				824A6FE1216610FF007DFED2 /* 密码锁@3x.png */,
				824A6FE2216610FF007DFED2 /* 详情头像@2x.png */,
				824A6FE3216610FF007DFED2 /* 详情头像@3x.png */,
				824A6FE4216610FF007DFED2 /* 返回@2x.png */,
				824A6FE5216610FF007DFED2 /* 返回@3x.png */,
			);
			path = "图片资源";
			sourceTree = "<group>";
		};
		825A6C452164AF5F0058B7CF /* JBTool */ = {
			isa = PBXGroup;
			children = (
				825A6C482164AFD00058B7CF /* JBhttpTool.swift */,
				824A6FD52165B834007DFED2 /* JBProgressHUD.swift */,
				824A6FD72165DDC3007DFED2 /* JBBassAPI.swift */,
				826BD128216AF99900D4B7A3 /* JBTool.swift */,
			);
			path = JBTool;
			sourceTree = "<group>";
		};
		825A6C462164AF7A0058B7CF /* Class */ = {
			isa = PBXGroup;
			children = (
				82704DBD216CAAE900201F71 /* Main */,
				825A6C472164AF8B0058B7CF /* Login */,
			);
			path = Class;
			sourceTree = "<group>";
		};
		825A6C472164AF8B0058B7CF /* Login */ = {
			isa = PBXGroup;
			children = (
				826BD11F216ADDB200D4B7A3 /* JBLoginViewController.swift */,
				825A6C4C2164C22D0058B7CF /* JBRegistViewController.swift */,
				825A6C4E2164C2470058B7CF /* UserModel.swift */,
				825A6C502164C2AD0058B7CF /* UserManger.swift */,
				826BD126216AEF8600D4B7A3 /* JBBassViewController.swift */,
			);
			path = Login;
			sourceTree = "<group>";
		};
		826BD123216ADE5D00D4B7A3 /* Catagary */ = {
			isa = PBXGroup;
			children = (
				82704DB9216C9B9D00201F71 /* MCGCDTimer.swift */,
				826BD124216ADE5D00D4B7A3 /* JBRGBColor.swift */,
				829D88AF216B2A3D0048D5FB /* JBBassDictionary.swift */,
			);
			path = Catagary;
			sourceTree = "<group>";
		};
		82704DBD216CAAE900201F71 /* Main */ = {
			isa = PBXGroup;
			children = (
				82704DBB216CAAC200201F71 /* JBMainViewController.swift */,
			);
			path = Main;
			sourceTree = "<group>";
		};
		82A18D78215DEBB600F55D25 = {
			isa = PBXGroup;
			children = (
				82A18D83215DEBB700F55D25 /* StickFigureMK */,
				82A18D98215DEBCE00F55D25 /* StickFigureMKTests */,
				82A18DA3215DEBCE00F55D25 /* StickFigureMKUITests */,
				82A18D82215DEBB700F55D25 /* Products */,
				B7EE871B2D995F8D55934C9E /* Frameworks */,
				B522B55E29F06E5AB09ED08F /* Pods */,
			);
			sourceTree = "<group>";
		};
		82A18D82215DEBB700F55D25 /* Products */ = {
			isa = PBXGroup;
			children = (
				82A18D81215DEBB700F55D25 /* StickFigureMK.app */,
				82A18D95215DEBCE00F55D25 /* StickFigureMKTests.xctest */,
				82A18DA0215DEBCE00F55D25 /* StickFigureMKUITests.xctest */,
			);
			name = Products;
			sourceTree = "<group>";
		};
		82A18D83215DEBB700F55D25 /* StickFigureMK */ = {
			isa = PBXGroup;
			children = (
				824A6FD9216610FF007DFED2 /* 图片资源 */,
				825A6C462164AF7A0058B7CF /* Class */,
				825A6C452164AF5F0058B7CF /* JBTool */,
				8210D95B2161E7B7006E488B /* 键盘图片 */,
				82A18E17215E092600F55D25 /* 3rd */,
				82A18D84215DEBB700F55D25 /* AppDelegate.swift */,
				82A18D86215DEBB700F55D25 /* ViewController.swift */,
				82A18DB3215E081900F55D25 /* SFTextView.swift */,
				82A18E7C215E0D3200F55D25 /* SFTool.swift */,
				82A18E7E215E173600F55D25 /* SFTextInputView.swift */,
				82A18D88215DEBB700F55D25 /* Main.storyboard */,
				82A18D8B215DEBCD00F55D25 /* Assets.xcassets */,
				82A18D8D215DEBCD00F55D25 /* LaunchScreen.storyboard */,
				82A18D90215DEBCD00F55D25 /* Info.plist */,
				82A18DB2215E075B00F55D25 /* BridingHeader.h */,
				825A6C43216499540058B7CF /* JBConstStringFile.swift */,
			);
			path = StickFigureMK;
			sourceTree = "<group>";
		};
		82A18D98215DEBCE00F55D25 /* StickFigureMKTests */ = {
			isa = PBXGroup;
			children = (
				82A18D99215DEBCE00F55D25 /* StickFigureMKTests.swift */,
				82A18D9B215DEBCE00F55D25 /* Info.plist */,
			);
			path = StickFigureMKTests;
			sourceTree = "<group>";
		};
		82A18DA3215DEBCE00F55D25 /* StickFigureMKUITests */ = {
			isa = PBXGroup;
			children = (
				82A18DA4215DEBCE00F55D25 /* StickFigureMKUITests.swift */,
				82A18DA6215DEBCE00F55D25 /* Info.plist */,
			);
			path = StickFigureMKUITests;
			sourceTree = "<group>";
		};
		82A18E17215E092600F55D25 /* 3rd */ = {
			isa = PBXGroup;
			children = (
				826BD123216ADE5D00D4B7A3 /* Catagary */,
				82A18E5D215E094900F55D25 /* MMMarkdown */,
				82A18E18215E093000F55D25 /* php-markdown */,
			);
			path = 3rd;
			sourceTree = "<group>";
		};
		82A18E18215E093000F55D25 /* php-markdown */ = {
			isa = PBXGroup;
			children = (
				82A18E19215E093000F55D25 /* Backslash escapes.html */,
				82A18E1A215E093000F55D25 /* Backslash escapes.text */,
				82A18E1B215E093000F55D25 /* Code block in a list item.html */,
				82A18E1C215E093000F55D25 /* Code block in a list item.text */,
				82A18E1D215E093000F55D25 /* Code Spans.html */,
				82A18E1E215E093000F55D25 /* Code Spans.text */,
				82A18E1F215E093000F55D25 /* Email auto links.html */,
				82A18E20215E093000F55D25 /* Email auto links.text */,
				82A18E21215E093000F55D25 /* Emphasis.html */,
				82A18E22215E093000F55D25 /* Emphasis.text */,
				82A18E23215E093000F55D25 /* Headers.html */,
				82A18E24215E093000F55D25 /* Headers.text */,
				82A18E25215E093000F55D25 /* Images (Untitled).html */,
				82A18E26215E093000F55D25 /* Images (Untitled).text */,
				82A18E27215E093000F55D25 /* Inline HTML (Simple).html */,
				82A18E28215E093000F55D25 /* Inline HTML (Simple).text */,
				82A18E29215E093000F55D25 /* Inline HTML (Span).html */,
				82A18E2A215E093000F55D25 /* Inline HTML (Span).text */,
				82A18E2B215E093000F55D25 /* Inline HTML comments.html */,
				82A18E2C215E093000F55D25 /* Inline HTML comments.text */,
				82A18E2D215E093000F55D25 /* Ins & del.html */,
				82A18E2E215E093000F55D25 /* Ins & del.text */,
				82A18E2F215E093000F55D25 /* Links, inline style.html */,
				82A18E30215E093000F55D25 /* Links, inline style.text */,
				82A18E31215E093000F55D25 /* MD5 Hashes.html */,
				82A18E32215E093000F55D25 /* MD5 Hashes.text */,
				82A18E33215E093000F55D25 /* Nesting.html */,
				82A18E34215E093000F55D25 /* Nesting.text */,
				82A18E35215E093000F55D25 /* Parens in URL.html */,
				82A18E36215E093000F55D25 /* Parens in URL.text */,
				82A18E37215E093000F55D25 /* PHP-Specific Bugs.html */,
				82A18E38215E093000F55D25 /* PHP-Specific Bugs.text */,
				82A18E39215E093000F55D25 /* Tight blocks.html */,
				82A18E3A215E093000F55D25 /* Tight blocks.text */,
			);
			path = "php-markdown";
			sourceTree = "<group>";
		};
		82A18E5D215E094900F55D25 /* MMMarkdown */ = {
			isa = PBXGroup;
			children = (
				82A18E5E215E094900F55D25 /* Info.plist */,
				82A18E5F215E094900F55D25 /* MMDocument.h */,
				82A18E60215E094900F55D25 /* MMDocument.m */,
				82A18E61215E094900F55D25 /* MMDocument_Private.h */,
				82A18E62215E094900F55D25 /* MMElement.h */,
				82A18E63215E094900F55D25 /* MMElement.m */,
				82A18E64215E094900F55D25 /* MMGenerator.h */,
				82A18E65215E094900F55D25 /* MMGenerator.m */,
				82A18E66215E094900F55D25 /* MMHTMLParser.h */,
				82A18E67215E094900F55D25 /* MMHTMLParser.m */,
				82A18E68215E094900F55D25 /* MMMarkdown-Prefix.pch */,
				82A18E69215E094900F55D25 /* MMMarkdown.h */,
				82A18E6A215E094900F55D25 /* MMMarkdown.m */,
				82A18E6B215E094900F55D25 /* MMParser.h */,
				82A18E6C215E094900F55D25 /* MMParser.m */,
				82A18E6D215E094900F55D25 /* MMScanner.h */,
				82A18E6E215E094900F55D25 /* MMScanner.m */,
				82A18E6F215E094900F55D25 /* MMSpanParser.h */,
				82A18E70215E094900F55D25 /* MMSpanParser.m */,
			);
			path = MMMarkdown;
			sourceTree = "<group>";
		};
		B522B55E29F06E5AB09ED08F /* Pods */ = {
			isa = PBXGroup;
			children = (
				B7678D1B596D3F068976FEDB /* Pods-StickFigureMK.debug.xcconfig */,
				0BE70BDFBF5DC0702055A472 /* Pods-StickFigureMK.release.xcconfig */,
			);
			name = Pods;
			sourceTree = "<group>";
		};
		B7EE871B2D995F8D55934C9E /* Frameworks */ = {
			isa = PBXGroup;
			children = (
				82A18E7A215E09B200F55D25 /* JavaScriptCore.framework */,
				8118135C82502C712B71C0B1 /* Pods_StickFigureMK.framework */,
			);
			name = Frameworks;
			sourceTree = "<group>";
		};
/* End PBXGroup section */

/* Begin PBXNativeTarget section */
		82A18D80215DEBB700F55D25 /* StickFigureMK */ = {
			isa = PBXNativeTarget;
			buildConfigurationList = 82A18DA9215DEBCE00F55D25 /* Build configuration list for PBXNativeTarget "StickFigureMK" */;
			buildPhases = (
				E6040D5AD7C63D4E392ACEC0 /* [CP] Check Pods Manifest.lock */,
				82A18D7D215DEBB700F55D25 /* Sources */,
				82A18D7E215DEBB700F55D25 /* Frameworks */,
				82A18D7F215DEBB700F55D25 /* Resources */,
				012372044159EB2D7BF7EE01 /* [CP] Embed Pods Frameworks */,
			);
			buildRules = (
			);
			dependencies = (
			);
			name = StickFigureMK;
			productName = StickFigureMK;
			productReference = 82A18D81215DEBB700F55D25 /* StickFigureMK.app */;
			productType = "com.apple.product-type.application";
		};
		82A18D94215DEBCE00F55D25 /* StickFigureMKTests */ = {
			isa = PBXNativeTarget;
			buildConfigurationList = 82A18DAC215DEBCE00F55D25 /* Build configuration list for PBXNativeTarget "StickFigureMKTests" */;
			buildPhases = (
				82A18D91215DEBCE00F55D25 /* Sources */,
				82A18D92215DEBCE00F55D25 /* Frameworks */,
				82A18D93215DEBCE00F55D25 /* Resources */,
			);
			buildRules = (
			);
			dependencies = (
				82A18D97215DEBCE00F55D25 /* PBXTargetDependency */,
			);
			name = StickFigureMKTests;
			productName = StickFigureMKTests;
			productReference = 82A18D95215DEBCE00F55D25 /* StickFigureMKTests.xctest */;
			productType = "com.apple.product-type.bundle.unit-test";
		};
		82A18D9F215DEBCE00F55D25 /* StickFigureMKUITests */ = {
			isa = PBXNativeTarget;
			buildConfigurationList = 82A18DAF215DEBCE00F55D25 /* Build configuration list for PBXNativeTarget "StickFigureMKUITests" */;
			buildPhases = (
				82A18D9C215DEBCE00F55D25 /* Sources */,
				82A18D9D215DEBCE00F55D25 /* Frameworks */,
				82A18D9E215DEBCE00F55D25 /* Resources */,
			);
			buildRules = (
			);
			dependencies = (
				82A18DA2215DEBCE00F55D25 /* PBXTargetDependency */,
			);
			name = StickFigureMKUITests;
			productName = StickFigureMKUITests;
			productReference = 82A18DA0215DEBCE00F55D25 /* StickFigureMKUITests.xctest */;
			productType = "com.apple.product-type.bundle.ui-testing";
		};
/* End PBXNativeTarget section */

/* Begin PBXProject section */
		82A18D79215DEBB600F55D25 /* Project object */ = {
			isa = PBXProject;
			attributes = {
				LastSwiftUpdateCheck = 1000;
				LastUpgradeCheck = 1000;
				ORGANIZATIONNAME = "靓萌服饰靓萌服饰";
				TargetAttributes = {
					82A18D80215DEBB700F55D25 = {
						CreatedOnToolsVersion = 10.0;
					};
					82A18D94215DEBCE00F55D25 = {
						CreatedOnToolsVersion = 10.0;
						TestTargetID = 82A18D80215DEBB700F55D25;
					};
					82A18D9F215DEBCE00F55D25 = {
						CreatedOnToolsVersion = 10.0;
						TestTargetID = 82A18D80215DEBB700F55D25;
					};
				};
			};
			buildConfigurationList = 82A18D7C215DEBB600F55D25 /* Build configuration list for PBXProject "StickFigureMK" */;
			compatibilityVersion = "Xcode 9.3";
			developmentRegion = en;
			hasScannedForEncodings = 0;
			knownRegions = (
				en,
				Base,
			);
			mainGroup = 82A18D78215DEBB600F55D25;
			productRefGroup = 82A18D82215DEBB700F55D25 /* Products */;
			projectDirPath = "";
			projectRoot = "";
			targets = (
				82A18D80215DEBB700F55D25 /* StickFigureMK */,
				82A18D94215DEBCE00F55D25 /* StickFigureMKTests */,
				82A18D9F215DEBCE00F55D25 /* StickFigureMKUITests */,
			);
		};
/* End PBXProject section */

/* Begin PBXResourcesBuildPhase section */
		82A18D7F215DEBB700F55D25 /* Resources */ = {
			isa = PBXResourcesBuildPhase;
			buildActionMask = 2147483647;
			files = (
				824A6FE8216610FF007DFED2 /* 删除（x)@3x.png in Resources */,
				82A18E3D215E093100F55D25 /* Code block in a list item.html in Resources */,
				82A18D8F215DEBCD00F55D25 /* LaunchScreen.storyboard in Resources */,
				8210D96D2161E7B8006E488B /* 加号@3x.png in Resources */,
				8210D9702161E7B8006E488B /* 无序列表@2x.png in Resources */,
				82A18E5B215E093100F55D25 /* Tight blocks.html in Resources */,
				82A18E4A215E093100F55D25 /* Inline HTML (Simple).text in Resources */,
				824A6FE6216610FF007DFED2 /* 删除-X@2x.png in Resources */,
				8210D9712161E7B8006E488B /* 无序列表@3.png in Resources */,
				82A18E46215E093100F55D25 /* Headers.text in Resources */,
				8210D9722161E7B8006E488B /* 标题1@2x.png in Resources */,
				82A18E4D215E093100F55D25 /* Inline HTML comments.html in Resources */,
				82A18E41215E093100F55D25 /* Email auto links.html in Resources */,
				82A18E4F215E093100F55D25 /* Ins & del.html in Resources */,
				82A18E48215E093100F55D25 /* Images (Untitled).text in Resources */,
				82A18E57215E093100F55D25 /* Parens in URL.html in Resources */,
				82A18E3F215E093100F55D25 /* Code Spans.html in Resources */,
				8210D96B2161E7B8006E488B /* 代码块@3x.png in Resources */,
				82A18E3E215E093100F55D25 /* Code block in a list item.text in Resources */,
				8210D96F2161E7B8006E488B /* 加粗@3x.png in Resources */,
				82A18E3C215E093100F55D25 /* Backslash escapes.text in Resources */,
				824A6FE7216610FF007DFED2 /* 删除-X@3x.png in Resources */,
				82A18E40215E093100F55D25 /* Code Spans.text in Resources */,
				82A18E3B215E093100F55D25 /* Backslash escapes.html in Resources */,
				82A18E47215E093100F55D25 /* Images (Untitled).html in Resources */,
				824A6FF1216610FF007DFED2 /* 返回@3x.png in Resources */,
				82A18D8C215DEBCD00F55D25 /* Assets.xcassets in Resources */,
				82A18E4C215E093100F55D25 /* Inline HTML (Span).text in Resources */,
				824A6FF0216610FF007DFED2 /* 返回@2x.png in Resources */,
				8210D9762161E7B8006E488B /* 链接@2x.png in Resources */,
				8210D96C2161E7B8006E488B /* 加号@2x.png in Resources */,
				824A6FEE216610FF007DFED2 /* 详情头像@2x.png in Resources */,
				8210D9772161E7B8006E488B /* 链接@3x.png in Resources */,
				8210D9752161E7B8006E488B /* 标题2@3x.png in Resources */,
				82A18E4B215E093100F55D25 /* Inline HTML (Span).html in Resources */,
				82A18E45215E093100F55D25 /* Headers.html in Resources */,
				82A18E5A215E093100F55D25 /* PHP-Specific Bugs.text in Resources */,
				824A6FEF216610FF007DFED2 /* 详情头像@3x.png in Resources */,
				82A18D8A215DEBB700F55D25 /* Main.storyboard in Resources */,
				82A18E58215E093100F55D25 /* Parens in URL.text in Resources */,
				8210D9742161E7B8006E488B /* 标题2@2x.png in Resources */,
				8210D96A2161E7B8006E488B /* 代码块@2x.png in Resources */,
				82A18E4E215E093100F55D25 /* Inline HTML comments.text in Resources */,
				82A18E5C215E093100F55D25 /* Tight blocks.text in Resources */,
				82A18E51215E093100F55D25 /* Links, inline style.html in Resources */,
				82A18E56215E093100F55D25 /* Nesting.text in Resources */,
				824A6FEB216610FF007DFED2 /* 头像@3x.png in Resources */,
				82A18E54215E093100F55D25 /* MD5 Hashes.text in Resources */,
				824A6FEA216610FF007DFED2 /* 头像@2x.png in Resources */,
				82A18E71215E094900F55D25 /* Info.plist in Resources */,
				82A18E44215E093100F55D25 /* Emphasis.text in Resources */,
				82A18E55215E093100F55D25 /* Nesting.html in Resources */,
				82A18E49215E093100F55D25 /* Inline HTML (Simple).html in Resources */,
				8210D9732161E7B8006E488B /* 标题1@3x.png in Resources */,
				82A18E43215E093100F55D25 /* Emphasis.html in Resources */,
				82A18E53215E093100F55D25 /* MD5 Hashes.html in Resources */,
				824A6FEC216610FF007DFED2 /* 密码锁@2x.png in Resources */,
				82A18E52215E093100F55D25 /* Links, inline style.text in Resources */,
				82A18E50215E093100F55D25 /* Ins & del.text in Resources */,
				82A18E42215E093100F55D25 /* Email auto links.text in Resources */,
				824A6FED216610FF007DFED2 /* 密码锁@3x.png in Resources */,
				8210D96E2161E7B8006E488B /* 加粗@2x.png in Resources */,
				824A6FE9216610FF007DFED2 /* 删除（x）@2x.png in Resources */,
				82A18E59215E093100F55D25 /* PHP-Specific Bugs.html in Resources */,
			);
			runOnlyForDeploymentPostprocessing = 0;
		};
		82A18D93215DEBCE00F55D25 /* Resources */ = {
			isa = PBXResourcesBuildPhase;
			buildActionMask = 2147483647;
			files = (
			);
			runOnlyForDeploymentPostprocessing = 0;
		};
		82A18D9E215DEBCE00F55D25 /* Resources */ = {
			isa = PBXResourcesBuildPhase;
			buildActionMask = 2147483647;
			files = (
			);
			runOnlyForDeploymentPostprocessing = 0;
		};
/* End PBXResourcesBuildPhase section */

/* Begin PBXShellScriptBuildPhase section */
		012372044159EB2D7BF7EE01 /* [CP] Embed Pods Frameworks */ = {
			isa = PBXShellScriptBuildPhase;
			buildActionMask = 2147483647;
			files = (
			);
			inputPaths = (
				"${SRCROOT}/Pods/Target Support Files/Pods-StickFigureMK/Pods-StickFigureMK-frameworks.sh",
				"${BUILT_PRODUCTS_DIR}/AFNetworking/AFNetworking.framework",
				"${BUILT_PRODUCTS_DIR}/EFCMark/EFCMark.framework",
				"${BUILT_PRODUCTS_DIR}/EFMarkdown/EFMarkdown.framework",
				"${BUILT_PRODUCTS_DIR}/MBProgressHUD/MBProgressHUD.framework",
				"${BUILT_PRODUCTS_DIR}/Masonry/Masonry.framework",
				"${BUILT_PRODUCTS_DIR}/SDWebImage/SDWebImage.framework",
				"${BUILT_PRODUCTS_DIR}/SVProgressHUD/SVProgressHUD.framework",
			);
			name = "[CP] Embed Pods Frameworks";
			outputPaths = (
				"${TARGET_BUILD_DIR}/${FRAMEWORKS_FOLDER_PATH}/AFNetworking.framework",
				"${TARGET_BUILD_DIR}/${FRAMEWORKS_FOLDER_PATH}/EFCMark.framework",
				"${TARGET_BUILD_DIR}/${FRAMEWORKS_FOLDER_PATH}/EFMarkdown.framework",
				"${TARGET_BUILD_DIR}/${FRAMEWORKS_FOLDER_PATH}/MBProgressHUD.framework",
				"${TARGET_BUILD_DIR}/${FRAMEWORKS_FOLDER_PATH}/Masonry.framework",
				"${TARGET_BUILD_DIR}/${FRAMEWORKS_FOLDER_PATH}/SDWebImage.framework",
				"${TARGET_BUILD_DIR}/${FRAMEWORKS_FOLDER_PATH}/SVProgressHUD.framework",
			);
			runOnlyForDeploymentPostprocessing = 0;
			shellPath = /bin/sh;
			shellScript = "\"${SRCROOT}/Pods/Target Support Files/Pods-StickFigureMK/Pods-StickFigureMK-frameworks.sh\"\n";
			showEnvVarsInLog = 0;
		};
		E6040D5AD7C63D4E392ACEC0 /* [CP] Check Pods Manifest.lock */ = {
			isa = PBXShellScriptBuildPhase;
			buildActionMask = 2147483647;
			files = (
			);
			inputPaths = (
				"${PODS_PODFILE_DIR_PATH}/Podfile.lock",
				"${PODS_ROOT}/Manifest.lock",
			);
			name = "[CP] Check Pods Manifest.lock";
			outputPaths = (
				"$(DERIVED_FILE_DIR)/Pods-StickFigureMK-checkManifestLockResult.txt",
			);
			runOnlyForDeploymentPostprocessing = 0;
			shellPath = /bin/sh;
			shellScript = "diff \"${PODS_PODFILE_DIR_PATH}/Podfile.lock\" \"${PODS_ROOT}/Manifest.lock\" > /dev/null\nif [ $? != 0 ] ; then\n    # print error to STDERR\n    echo \"error: The sandbox is not in sync with the Podfile.lock. Run 'pod install' or update your CocoaPods installation.\" >&2\n    exit 1\nfi\n# This output is used by Xcode 'outputs' to avoid re-running this script phase.\necho \"SUCCESS\" > \"${SCRIPT_OUTPUT_FILE_0}\"\n";
			showEnvVarsInLog = 0;
		};
/* End PBXShellScriptBuildPhase section */

/* Begin PBXSourcesBuildPhase section */
		82A18D7D215DEBB700F55D25 /* Sources */ = {
			isa = PBXSourcesBuildPhase;
			buildActionMask = 2147483647;
			files = (
				829D88B0216B2A3D0048D5FB /* JBBassDictionary.swift in Sources */,
				824A6FD62165B834007DFED2 /* JBProgressHUD.swift in Sources */,
				82704DBA216C9B9E00201F71 /* MCGCDTimer.swift in Sources */,
				826BD129216AF99900D4B7A3 /* JBTool.swift in Sources */,
				826BD125216ADE5D00D4B7A3 /* JBRGBColor.swift in Sources */,
				82A18E73215E094900F55D25 /* MMElement.m in Sources */,
				82A18E72215E094900F55D25 /* MMDocument.m in Sources */,
				82A18D87215DEBB700F55D25 /* ViewController.swift in Sources */,
				825A6C512164C2AD0058B7CF /* UserManger.swift in Sources */,
				82A18E75215E094900F55D25 /* MMHTMLParser.m in Sources */,
				82A18E7F215E173600F55D25 /* SFTextInputView.swift in Sources */,
				82704DBC216CAAC200201F71 /* JBMainViewController.swift in Sources */,
				82A18E78215E094900F55D25 /* MMScanner.m in Sources */,
				825A6C492164AFD00058B7CF /* JBhttpTool.swift in Sources */,
				825A6C4D2164C22D0058B7CF /* JBRegistViewController.swift in Sources */,
				825A6C44216499540058B7CF /* JBConstStringFile.swift in Sources */,
				82A18E76215E094900F55D25 /* MMMarkdown.m in Sources */,
				82A18D85215DEBB700F55D25 /* AppDelegate.swift in Sources */,
				826BD120216ADDB200D4B7A3 /* JBLoginViewController.swift in Sources */,
				82A18DB4215E081900F55D25 /* SFTextView.swift in Sources */,
				82A18E79215E094900F55D25 /* MMSpanParser.m in Sources */,
				826BD127216AEF8600D4B7A3 /* JBBassViewController.swift in Sources */,
				82A18E74215E094900F55D25 /* MMGenerator.m in Sources */,
				824A6FD82165DDC3007DFED2 /* JBBassAPI.swift in Sources */,
				82A18E7D215E0D3200F55D25 /* SFTool.swift in Sources */,
				825A6C4F2164C2470058B7CF /* UserModel.swift in Sources */,
				82A18E77215E094900F55D25 /* MMParser.m in Sources */,
			);
			runOnlyForDeploymentPostprocessing = 0;
		};
		82A18D91215DEBCE00F55D25 /* Sources */ = {
			isa = PBXSourcesBuildPhase;
			buildActionMask = 2147483647;
			files = (
				82A18D9A215DEBCE00F55D25 /* StickFigureMKTests.swift in Sources */,
			);
			runOnlyForDeploymentPostprocessing = 0;
		};
		82A18D9C215DEBCE00F55D25 /* Sources */ = {
			isa = PBXSourcesBuildPhase;
			buildActionMask = 2147483647;
			files = (
				82A18DA5215DEBCE00F55D25 /* StickFigureMKUITests.swift in Sources */,
			);
			runOnlyForDeploymentPostprocessing = 0;
		};
/* End PBXSourcesBuildPhase section */

/* Begin PBXTargetDependency section */
		82A18D97215DEBCE00F55D25 /* PBXTargetDependency */ = {
			isa = PBXTargetDependency;
			target = 82A18D80215DEBB700F55D25 /* StickFigureMK */;
			targetProxy = 82A18D96215DEBCE00F55D25 /* PBXContainerItemProxy */;
		};
		82A18DA2215DEBCE00F55D25 /* PBXTargetDependency */ = {
			isa = PBXTargetDependency;
			target = 82A18D80215DEBB700F55D25 /* StickFigureMK */;
			targetProxy = 82A18DA1215DEBCE00F55D25 /* PBXContainerItemProxy */;
		};
/* End PBXTargetDependency section */

/* Begin PBXVariantGroup section */
		82A18D88215DEBB700F55D25 /* Main.storyboard */ = {
			isa = PBXVariantGroup;
			children = (
				82A18D89215DEBB700F55D25 /* Base */,
			);
			name = Main.storyboard;
			sourceTree = "<group>";
		};
		82A18D8D215DEBCD00F55D25 /* LaunchScreen.storyboard */ = {
			isa = PBXVariantGroup;
			children = (
				82A18D8E215DEBCD00F55D25 /* Base */,
			);
			name = LaunchScreen.storyboard;
			sourceTree = "<group>";
		};
/* End PBXVariantGroup section */

/* Begin XCBuildConfiguration section */
		82A18DA7215DEBCE00F55D25 /* Debug */ = {
			isa = XCBuildConfiguration;
			buildSettings = {
				ALWAYS_SEARCH_USER_PATHS = NO;
				CLANG_ANALYZER_NONNULL = YES;
				CLANG_ANALYZER_NUMBER_OBJECT_CONVERSION = YES_AGGRESSIVE;
				CLANG_CXX_LANGUAGE_STANDARD = "gnu++14";
				CLANG_CXX_LIBRARY = "libc++";
				CLANG_ENABLE_MODULES = YES;
				CLANG_ENABLE_OBJC_ARC = YES;
				CLANG_ENABLE_OBJC_WEAK = YES;
				CLANG_WARN_BLOCK_CAPTURE_AUTORELEASING = YES;
				CLANG_WARN_BOOL_CONVERSION = YES;
				CLANG_WARN_COMMA = YES;
				CLANG_WARN_CONSTANT_CONVERSION = YES;
				CLANG_WARN_DEPRECATED_OBJC_IMPLEMENTATIONS = YES;
				CLANG_WARN_DIRECT_OBJC_ISA_USAGE = YES_ERROR;
				CLANG_WARN_DOCUMENTATION_COMMENTS = YES;
				CLANG_WARN_EMPTY_BODY = YES;
				CLANG_WARN_ENUM_CONVERSION = YES;
				CLANG_WARN_INFINITE_RECURSION = YES;
				CLANG_WARN_INT_CONVERSION = YES;
				CLANG_WARN_NON_LITERAL_NULL_CONVERSION = YES;
				CLANG_WARN_OBJC_IMPLICIT_RETAIN_SELF = YES;
				CLANG_WARN_OBJC_LITERAL_CONVERSION = YES;
				CLANG_WARN_OBJC_ROOT_CLASS = YES_ERROR;
				CLANG_WARN_RANGE_LOOP_ANALYSIS = YES;
				CLANG_WARN_STRICT_PROTOTYPES = YES;
				CLANG_WARN_SUSPICIOUS_MOVE = YES;
				CLANG_WARN_UNGUARDED_AVAILABILITY = YES_AGGRESSIVE;
				CLANG_WARN_UNREACHABLE_CODE = YES;
				CLANG_WARN__DUPLICATE_METHOD_MATCH = YES;
				CODE_SIGN_IDENTITY = "iPhone Developer";
				COPY_PHASE_STRIP = NO;
				DEBUG_INFORMATION_FORMAT = dwarf;
				ENABLE_STRICT_OBJC_MSGSEND = YES;
				ENABLE_TESTABILITY = YES;
				GCC_C_LANGUAGE_STANDARD = gnu11;
				GCC_DYNAMIC_NO_PIC = NO;
				GCC_NO_COMMON_BLOCKS = YES;
				GCC_OPTIMIZATION_LEVEL = 0;
				GCC_PREPROCESSOR_DEFINITIONS = (
					"DEBUG=1",
					"$(inherited)",
				);
				GCC_WARN_64_TO_32_BIT_CONVERSION = YES;
				GCC_WARN_ABOUT_RETURN_TYPE = YES_ERROR;
				GCC_WARN_UNDECLARED_SELECTOR = YES;
				GCC_WARN_UNINITIALIZED_AUTOS = YES_AGGRESSIVE;
				GCC_WARN_UNUSED_FUNCTION = YES;
				GCC_WARN_UNUSED_VARIABLE = YES;
				IPHONEOS_DEPLOYMENT_TARGET = 12.0;
				MTL_ENABLE_DEBUG_INFO = INCLUDE_SOURCE;
				MTL_FAST_MATH = YES;
				ONLY_ACTIVE_ARCH = YES;
				SDKROOT = iphoneos;
				SWIFT_ACTIVE_COMPILATION_CONDITIONS = DEBUG;
				SWIFT_OPTIMIZATION_LEVEL = "-Onone";
			};
			name = Debug;
		};
		82A18DA8215DEBCE00F55D25 /* Release */ = {
			isa = XCBuildConfiguration;
			buildSettings = {
				ALWAYS_SEARCH_USER_PATHS = NO;
				CLANG_ANALYZER_NONNULL = YES;
				CLANG_ANALYZER_NUMBER_OBJECT_CONVERSION = YES_AGGRESSIVE;
				CLANG_CXX_LANGUAGE_STANDARD = "gnu++14";
				CLANG_CXX_LIBRARY = "libc++";
				CLANG_ENABLE_MODULES = YES;
				CLANG_ENABLE_OBJC_ARC = YES;
				CLANG_ENABLE_OBJC_WEAK = YES;
				CLANG_WARN_BLOCK_CAPTURE_AUTORELEASING = YES;
				CLANG_WARN_BOOL_CONVERSION = YES;
				CLANG_WARN_COMMA = YES;
				CLANG_WARN_CONSTANT_CONVERSION = YES;
				CLANG_WARN_DEPRECATED_OBJC_IMPLEMENTATIONS = YES;
				CLANG_WARN_DIRECT_OBJC_ISA_USAGE = YES_ERROR;
				CLANG_WARN_DOCUMENTATION_COMMENTS = YES;
				CLANG_WARN_EMPTY_BODY = YES;
				CLANG_WARN_ENUM_CONVERSION = YES;
				CLANG_WARN_INFINITE_RECURSION = YES;
				CLANG_WARN_INT_CONVERSION = YES;
				CLANG_WARN_NON_LITERAL_NULL_CONVERSION = YES;
				CLANG_WARN_OBJC_IMPLICIT_RETAIN_SELF = YES;
				CLANG_WARN_OBJC_LITERAL_CONVERSION = YES;
				CLANG_WARN_OBJC_ROOT_CLASS = YES_ERROR;
				CLANG_WARN_RANGE_LOOP_ANALYSIS = YES;
				CLANG_WARN_STRICT_PROTOTYPES = YES;
				CLANG_WARN_SUSPICIOUS_MOVE = YES;
				CLANG_WARN_UNGUARDED_AVAILABILITY = YES_AGGRESSIVE;
				CLANG_WARN_UNREACHABLE_CODE = YES;
				CLANG_WARN__DUPLICATE_METHOD_MATCH = YES;
				CODE_SIGN_IDENTITY = "iPhone Developer";
				COPY_PHASE_STRIP = NO;
				DEBUG_INFORMATION_FORMAT = "dwarf-with-dsym";
				ENABLE_NS_ASSERTIONS = NO;
				ENABLE_STRICT_OBJC_MSGSEND = YES;
				GCC_C_LANGUAGE_STANDARD = gnu11;
				GCC_NO_COMMON_BLOCKS = YES;
				GCC_WARN_64_TO_32_BIT_CONVERSION = YES;
				GCC_WARN_ABOUT_RETURN_TYPE = YES_ERROR;
				GCC_WARN_UNDECLARED_SELECTOR = YES;
				GCC_WARN_UNINITIALIZED_AUTOS = YES_AGGRESSIVE;
				GCC_WARN_UNUSED_FUNCTION = YES;
				GCC_WARN_UNUSED_VARIABLE = YES;
				IPHONEOS_DEPLOYMENT_TARGET = 12.0;
				MTL_ENABLE_DEBUG_INFO = NO;
				MTL_FAST_MATH = YES;
				SDKROOT = iphoneos;
				SWIFT_COMPILATION_MODE = wholemodule;
				SWIFT_OPTIMIZATION_LEVEL = "-O";
				VALIDATE_PRODUCT = YES;
			};
			name = Release;
		};
		82A18DAA215DEBCE00F55D25 /* Debug */ = {
			isa = XCBuildConfiguration;
			baseConfigurationReference = B7678D1B596D3F068976FEDB /* Pods-StickFigureMK.debug.xcconfig */;
			buildSettings = {
				ASSETCATALOG_COMPILER_APPICON_NAME = AppIcon;
				CODE_SIGN_STYLE = Automatic;
				DEFINES_MODULE = YES;
				DEVELOPMENT_TEAM = NUD3T57M8Z;
				HEADER_SEARCH_PATHS = "$(inherited)";
				INFOPLIST_FILE = StickFigureMK/Info.plist;
				LD_RUNPATH_SEARCH_PATHS = (
					"$(inherited)",
					"@executable_path/Frameworks",
				);
				PRODUCT_BUNDLE_IDENTIFIER = yingmeng.StickFigureMK;
				PRODUCT_NAME = "$(TARGET_NAME)";
				SWIFT_OBJC_BRIDGING_HEADER = "/Volumes/宋海龙/markDown/未命名文件夹/StickFigureMK/StickFigureMK/StickFigureMK/BridingHeader.h";
				SWIFT_SWIFT3_OBJC_INFERENCE = Default;
				SWIFT_VERSION = 4.0;
				TARGETED_DEVICE_FAMILY = "1,2";
				USER_HEADER_SEARCH_PATHS = "${PODS_ROOT}";
			};
			name = Debug;
		};
		82A18DAB215DEBCE00F55D25 /* Release */ = {
			isa = XCBuildConfiguration;
			baseConfigurationReference = 0BE70BDFBF5DC0702055A472 /* Pods-StickFigureMK.release.xcconfig */;
			buildSettings = {
				ASSETCATALOG_COMPILER_APPICON_NAME = AppIcon;
				CODE_SIGN_STYLE = Automatic;
				DEFINES_MODULE = YES;
				DEVELOPMENT_TEAM = NUD3T57M8Z;
				HEADER_SEARCH_PATHS = "$(inherited)";
				INFOPLIST_FILE = StickFigureMK/Info.plist;
				LD_RUNPATH_SEARCH_PATHS = (
					"$(inherited)",
					"@executable_path/Frameworks",
				);
				PRODUCT_BUNDLE_IDENTIFIER = yingmeng.StickFigureMK;
				PRODUCT_NAME = "$(TARGET_NAME)";
				SWIFT_OBJC_BRIDGING_HEADER = "/Volumes/宋海龙/markDown/未命名文件夹/StickFigureMK/StickFigureMK/StickFigureMK/BridingHeader.h";
				SWIFT_SWIFT3_OBJC_INFERENCE = Default;
				SWIFT_VERSION = 4.0;
				TARGETED_DEVICE_FAMILY = "1,2";
				USER_HEADER_SEARCH_PATHS = "${PODS_ROOT}";
			};
			name = Release;
		};
		82A18DAD215DEBCE00F55D25 /* Debug */ = {
			isa = XCBuildConfiguration;
			buildSettings = {
				ALWAYS_EMBED_SWIFT_STANDARD_LIBRARIES = YES;
				BUNDLE_LOADER = "$(TEST_HOST)";
				CODE_SIGN_STYLE = Automatic;
				DEVELOPMENT_TEAM = 6CUR897C43;
				INFOPLIST_FILE = StickFigureMKTests/Info.plist;
				LD_RUNPATH_SEARCH_PATHS = (
					"$(inherited)",
					"@executable_path/Frameworks",
					"@loader_path/Frameworks",
				);
				PRODUCT_BUNDLE_IDENTIFIER = yingmeng.StickFigureMKTests;
				PRODUCT_NAME = "$(TARGET_NAME)";
				SWIFT_VERSION = 4.2;
				TARGETED_DEVICE_FAMILY = "1,2";
				TEST_HOST = "$(BUILT_PRODUCTS_DIR)/StickFigureMK.app/StickFigureMK";
			};
			name = Debug;
		};
		82A18DAE215DEBCE00F55D25 /* Release */ = {
			isa = XCBuildConfiguration;
			buildSettings = {
				ALWAYS_EMBED_SWIFT_STANDARD_LIBRARIES = YES;
				BUNDLE_LOADER = "$(TEST_HOST)";
				CODE_SIGN_STYLE = Automatic;
				DEVELOPMENT_TEAM = 6CUR897C43;
				INFOPLIST_FILE = StickFigureMKTests/Info.plist;
				LD_RUNPATH_SEARCH_PATHS = (
					"$(inherited)",
					"@executable_path/Frameworks",
					"@loader_path/Frameworks",
				);
				PRODUCT_BUNDLE_IDENTIFIER = yingmeng.StickFigureMKTests;
				PRODUCT_NAME = "$(TARGET_NAME)";
				SWIFT_VERSION = 4.2;
				TARGETED_DEVICE_FAMILY = "1,2";
				TEST_HOST = "$(BUILT_PRODUCTS_DIR)/StickFigureMK.app/StickFigureMK";
			};
			name = Release;
		};
		82A18DB0215DEBCE00F55D25 /* Debug */ = {
			isa = XCBuildConfiguration;
			buildSettings = {
				ALWAYS_EMBED_SWIFT_STANDARD_LIBRARIES = YES;
				CODE_SIGN_STYLE = Automatic;
				DEVELOPMENT_TEAM = 6CUR897C43;
				INFOPLIST_FILE = StickFigureMKUITests/Info.plist;
				LD_RUNPATH_SEARCH_PATHS = (
					"$(inherited)",
					"@executable_path/Frameworks",
					"@loader_path/Frameworks",
				);
				PRODUCT_BUNDLE_IDENTIFIER = yingmeng.StickFigureMKUITests;
				PRODUCT_NAME = "$(TARGET_NAME)";
				SWIFT_VERSION = 4.2;
				TARGETED_DEVICE_FAMILY = "1,2";
				TEST_TARGET_NAME = StickFigureMK;
			};
			name = Debug;
		};
		82A18DB1215DEBCE00F55D25 /* Release */ = {
			isa = XCBuildConfiguration;
			buildSettings = {
				ALWAYS_EMBED_SWIFT_STANDARD_LIBRARIES = YES;
				CODE_SIGN_STYLE = Automatic;
				DEVELOPMENT_TEAM = 6CUR897C43;
				INFOPLIST_FILE = StickFigureMKUITests/Info.plist;
				LD_RUNPATH_SEARCH_PATHS = (
					"$(inherited)",
					"@executable_path/Frameworks",
					"@loader_path/Frameworks",
				);
				PRODUCT_BUNDLE_IDENTIFIER = yingmeng.StickFigureMKUITests;
				PRODUCT_NAME = "$(TARGET_NAME)";
				SWIFT_VERSION = 4.2;
				TARGETED_DEVICE_FAMILY = "1,2";
				TEST_TARGET_NAME = StickFigureMK;
			};
			name = Release;
		};
/* End XCBuildConfiguration section */

/* Begin XCConfigurationList section */
		82A18D7C215DEBB600F55D25 /* Build configuration list for PBXProject "StickFigureMK" */ = {
			isa = XCConfigurationList;
			buildConfigurations = (
				82A18DA7215DEBCE00F55D25 /* Debug */,
				82A18DA8215DEBCE00F55D25 /* Release */,
			);
			defaultConfigurationIsVisible = 0;
			defaultConfigurationName = Release;
		};
		82A18DA9215DEBCE00F55D25 /* Build configuration list for PBXNativeTarget "StickFigureMK" */ = {
			isa = XCConfigurationList;
			buildConfigurations = (
				82A18DAA215DEBCE00F55D25 /* Debug */,
				82A18DAB215DEBCE00F55D25 /* Release */,
			);
			defaultConfigurationIsVisible = 0;
			defaultConfigurationName = Release;
		};
		82A18DAC215DEBCE00F55D25 /* Build configuration list for PBXNativeTarget "StickFigureMKTests" */ = {
			isa = XCConfigurationList;
			buildConfigurations = (
				82A18DAD215DEBCE00F55D25 /* Debug */,
				82A18DAE215DEBCE00F55D25 /* Release */,
			);
			defaultConfigurationIsVisible = 0;
			defaultConfigurationName = Release;
		};
		82A18DAF215DEBCE00F55D25 /* Build configuration list for PBXNativeTarget "StickFigureMKUITests" */ = {
			isa = XCConfigurationList;
			buildConfigurations = (
				82A18DB0215DEBCE00F55D25 /* Debug */,
				82A18DB1215DEBCE00F55D25 /* Release */,
			);
			defaultConfigurationIsVisible = 0;
			defaultConfigurationName = Release;
		};
/* End XCConfigurationList section */
	};
	rootObject = 82A18D79215DEBB600F55D25 /* Project object */;
}
